// !$*UTF8*$!
{
	archiveVersion = 1;
	classes = {
	};
	objectVersion = 46;
	objects = {

/* Begin PBXBuildFile section */
		D1B234821C815BA5007C3E2F /* AppDelegate.swift in Sources */ = {isa = PBXBuildFile; fileRef = D1B234811C815BA5007C3E2F /* AppDelegate.swift */; };
		D1B234841C815BA5007C3E2F /* ViewController.swift in Sources */ = {isa = PBXBuildFile; fileRef = D1B234831C815BA5007C3E2F /* ViewController.swift */; };
		D1B234871C815BA5007C3E2F /* Main.storyboard in Resources */ = {isa = PBXBuildFile; fileRef = D1B234851C815BA5007C3E2F /* Main.storyboard */; };
		D1B234891C815BA5007C3E2F /* Assets.xcassets in Resources */ = {isa = PBXBuildFile; fileRef = D1B234881C815BA5007C3E2F /* Assets.xcassets */; };
		D1B2348C1C815BA5007C3E2F /* LaunchScreen.storyboard in Resources */ = {isa = PBXBuildFile; fileRef = D1B2348A1C815BA5007C3E2F /* LaunchScreen.storyboard */; };
		D1B234971C815BA6007C3E2F /* Primera_Aplicacion_Mimi_1Tests.swift in Sources */ = {isa = PBXBuildFile; fileRef = D1B234961C815BA6007C3E2F /* Primera_Aplicacion_Mimi_1Tests.swift */; };
		D1B234A21C815BA6007C3E2F /* Primera_Aplicacion_Mimi_1UITests.swift in Sources */ = {isa = PBXBuildFile; fileRef = D1B234A11C815BA6007C3E2F /* Primera_Aplicacion_Mimi_1UITests.swift */; };
/* End PBXBuildFile section */

/* Begin PBXContainerItemProxy section */
		D1B234931C815BA6007C3E2F /* PBXContainerItemProxy */ = {
			isa = PBXContainerItemProxy;
			containerPortal = D1B234761C815BA5007C3E2F /* Project object */;
			proxyType = 1;
			remoteGlobalIDString = D1B2347D1C815BA5007C3E2F;
			remoteInfo = "Primera Aplicacion Mimi 1";
		};
		D1B2349E1C815BA6007C3E2F /* PBXContainerItemProxy */ = {
			isa = PBXContainerItemProxy;
			containerPortal = D1B234761C815BA5007C3E2F /* Project object */;
			proxyType = 1;
			remoteGlobalIDString = D1B2347D1C815BA5007C3E2F;
			remoteInfo = "Primera Aplicacion Mimi 1";
		};
/* End PBXContainerItemProxy section */

/* Begin PBXFileReference section */
		D1B2347E1C815BA5007C3E2F /* Primera Aplicacion Mimi 1.app */ = {isa = PBXFileReference; explicitFileType = wrapper.application; includeInIndex = 0; path = "Primera Aplicacion Mimi 1.app"; sourceTree = BUILT_PRODUCTS_DIR; };
		D1B234811C815BA5007C3E2F /* AppDelegate.swift */ = {isa = PBXFileReference; lastKnownFileType = sourcecode.swift; path = AppDelegate.swift; sourceTree = "<group>"; };
		D1B234831C815BA5007C3E2F /* ViewController.swift */ = {isa = PBXFileReference; lastKnownFileType = sourcecode.swift; path = ViewController.swift; sourceTree = "<group>"; };
		D1B234861C815BA5007C3E2F /* Base */ = {isa = PBXFileReference; lastKnownFileType = file.storyboard; name = Base; path = Base.lproj/Main.storyboard; sourceTree = "<group>"; };
		D1B234881C815BA5007C3E2F /* Assets.xcassets */ = {isa = PBXFileReference; lastKnownFileType = folder.assetcatalog; path = Assets.xcassets; sourceTree = "<group>"; };
		D1B2348B1C815BA5007C3E2F /* Base */ = {isa = PBXFileReference; lastKnownFileType = file.storyboard; name = Base; path = Base.lproj/LaunchScreen.storyboard; sourceTree = "<group>"; };
		D1B2348D1C815BA5007C3E2F /* Info.plist */ = {isa = PBXFileReference; lastKnownFileType = text.plist.xml; path = Info.plist; sourceTree = "<group>"; };
		D1B234921C815BA6007C3E2F /* Primera Aplicacion Mimi 1Tests.xctest */ = {isa = PBXFileReference; explicitFileType = wrapper.cfbundle; includeInIndex = 0; path = "Primera Aplicacion Mimi 1Tests.xctest"; sourceTree = BUILT_PRODUCTS_DIR; };
		D1B234961C815BA6007C3E2F /* Primera_Aplicacion_Mimi_1Tests.swift */ = {isa = PBXFileReference; lastKnownFileType = sourcecode.swift; path = Primera_Aplicacion_Mimi_1Tests.swift; sourceTree = "<group>"; };
		D1B234981C815BA6007C3E2F /* Info.plist */ = {isa = PBXFileReference; lastKnownFileType = text.plist.xml; path = Info.plist; sourceTree = "<group>"; };
		D1B2349D1C815BA6007C3E2F /* Primera Aplicacion Mimi 1UITests.xctest */ = {isa = PBXFileReference; explicitFileType = wrapper.cfbundle; includeInIndex = 0; path = "Primera Aplicacion Mimi 1UITests.xctest"; sourceTree = BUILT_PRODUCTS_DIR; };
		D1B234A11C815BA6007C3E2F /* Primera_Aplicacion_Mimi_1UITests.swift */ = {isa = PBXFileReference; lastKnownFileType = sourcecode.swift; path = Primera_Aplicacion_Mimi_1UITests.swift; sourceTree = "<group>"; };
		D1B234A31C815BA6007C3E2F /* Info.plist */ = {isa = PBXFileReference; lastKnownFileType = text.plist.xml; path = Info.plist; sourceTree = "<group>"; };
/* End PBXFileReference section */

/* Begin PBXFrameworksBuildPhase section */
		D1B2347B1C815BA5007C3E2F /* Frameworks */ = {
			isa = PBXFrameworksBuildPhase;
			buildActionMask = 2147483647;
			files = (
			);
			runOnlyForDeploymentPostprocessing = 0;
		};
		D1B2348F1C815BA6007C3E2F /* Frameworks */ = {
			isa = PBXFrameworksBuildPhase;
			buildActionMask = 2147483647;
			files = (
			);
			runOnlyForDeploymentPostprocessing = 0;
		};
		D1B2349A1C815BA6007C3E2F /* Frameworks */ = {
			isa = PBXFrameworksBuildPhase;
			buildActionMask = 2147483647;
			files = (
			);
			runOnlyForDeploymentPostprocessing = 0;
		};
/* End PBXFrameworksBuildPhase section */

/* Begin PBXGroup section */
		D1B234751C815BA5007C3E2F = {
			isa = PBXGroup;
			children = (
				D1B234801C815BA5007C3E2F /* Primera Aplicacion Mimi 1 */,
				D1B234951C815BA6007C3E2F /* Primera Aplicacion Mimi 1Tests */,
				D1B234A01C815BA6007C3E2F /* Primera Aplicacion Mimi 1UITests */,
				D1B2347F1C815BA5007C3E2F /* Products */,
			);
			sourceTree = "<group>";
		};
		D1B2347F1C815BA5007C3E2F /* Products */ = {
			isa = PBXGroup;
			children = (
				D1B2347E1C815BA5007C3E2F /* Primera Aplicacion Mimi 1.app */,
				D1B234921C815BA6007C3E2F /* Primera Aplicacion Mimi 1Tests.xctest */,
				D1B2349D1C815BA6007C3E2F /* Primera Aplicacion Mimi 1UITests.xctest */,
			);
			name = Products;
			sourceTree = "<group>";
		};
		D1B234801C815BA5007C3E2F /* Primera Aplicacion Mimi 1 */ = {
			isa = PBXGroup;
			children = (
				D1B234811C815BA5007C3E2F /* AppDelegate.swift */,
				D1B234831C815BA5007C3E2F /* ViewController.swift */,
				D1B234851C815BA5007C3E2F /* Main.storyboard */,
				D1B234881C815BA5007C3E2F /* Assets.xcassets */,
				D1B2348A1C815BA5007C3E2F /* LaunchScreen.storyboard */,
				D1B2348D1C815BA5007C3E2F /* Info.plist */,
			);
			path = "Primera Aplicacion Mimi 1";
			sourceTree = "<group>";
		};
		D1B234951C815BA6007C3E2F /* Primera Aplicacion Mimi 1Tests */ = {
			isa = PBXGroup;
			children = (
				D1B234961C815BA6007C3E2F /* Primera_Aplicacion_Mimi_1Tests.swift */,
				D1B234981C815BA6007C3E2F /* Info.plist */,
			);
			path = "Primera Aplicacion Mimi 1Tests";
			sourceTree = "<group>";
		};
		D1B234A01C815BA6007C3E2F /* Primera Aplicacion Mimi 1UITests */ = {
			isa = PBXGroup;
			children = (
				D1B234A11C815BA6007C3E2F /* Primera_Aplicacion_Mimi_1UITests.swift */,
				D1B234A31C815BA6007C3E2F /* Info.plist */,
			);
			path = "Primera Aplicacion Mimi 1UITests";
			sourceTree = "<group>";
		};
/* End PBXGroup section */

/* Begin PBXNativeTarget section */
		D1B2347D1C815BA5007C3E2F /* Primera Aplicacion Mimi 1 */ = {
			isa = PBXNativeTarget;
			buildConfigurationList = D1B234A61C815BA6007C3E2F /* Build configuration list for PBXNativeTarget "Primera Aplicacion Mimi 1" */;
			buildPhases = (
				D1B2347A1C815BA5007C3E2F /* Sources */,
				D1B2347B1C815BA5007C3E2F /* Frameworks */,
				D1B2347C1C815BA5007C3E2F /* Resources */,
			);
			buildRules = (
			);
			dependencies = (
			);
			name = "Primera Aplicacion Mimi 1";
			productName = "Primera Aplicacion Mimi 1";
			productReference = D1B2347E1C815BA5007C3E2F /* Primera Aplicacion Mimi 1.app */;
			productType = "com.apple.product-type.application";
		};
		D1B234911C815BA6007C3E2F /* Primera Aplicacion Mimi 1Tests */ = {
			isa = PBXNativeTarget;
			buildConfigurationList = D1B234A91C815BA6007C3E2F /* Build configuration list for PBXNativeTarget "Primera Aplicacion Mimi 1Tests" */;
			buildPhases = (
				D1B2348E1C815BA6007C3E2F /* Sources */,
				D1B2348F1C815BA6007C3E2F /* Frameworks */,
				D1B234901C815BA6007C3E2F /* Resources */,
			);
			buildRules = (
			);
			dependencies = (
				D1B234941C815BA6007C3E2F /* PBXTargetDependency */,
			);
			name = "Primera Aplicacion Mimi 1Tests";
			productName = "Primera Aplicacion Mimi 1Tests";
			productReference = D1B234921C815BA6007C3E2F /* Primera Aplicacion Mimi 1Tests.xctest */;
			productType = "com.apple.product-type.bundle.unit-test";
		};
		D1B2349C1C815BA6007C3E2F /* Primera Aplicacion Mimi 1UITests */ = {
			isa = PBXNativeTarget;
			buildConfigurationList = D1B234AC1C815BA6007C3E2F /* Build configuration list for PBXNativeTarget "Primera Aplicacion Mimi 1UITests" */;
			buildPhases = (
				D1B234991C815BA6007C3E2F /* Sources */,
				D1B2349A1C815BA6007C3E2F /* Frameworks */,
				D1B2349B1C815BA6007C3E2F /* Resources */,
			);
			buildRules = (
			);
			dependencies = (
				D1B2349F1C815BA6007C3E2F /* PBXTargetDependency */,
			);
			name = "Primera Aplicacion Mimi 1UITests";
			productName = "Primera Aplicacion Mimi 1UITests";
			productReference = D1B2349D1C815BA6007C3E2F /* Primera Aplicacion Mimi 1UITests.xctest */;
			productType = "com.apple.product-type.bundle.ui-testing";
		};
/* End PBXNativeTarget section */

/* Begin PBXProject section */
		D1B234761C815BA5007C3E2F /* Project object */ = {
			isa = PBXProject;
			attributes = {
				LastSwiftUpdateCheck = 0730;
				LastUpgradeCheck = 0730;
				ORGANIZATIONNAME = "Mimi-Gtz";
				TargetAttributes = {
					D1B2347D1C815BA5007C3E2F = {
						CreatedOnToolsVersion = 7.3;
					};
					D1B234911C815BA6007C3E2F = {
						CreatedOnToolsVersion = 7.3;
						TestTargetID = D1B2347D1C815BA5007C3E2F;
					};
					D1B2349C1C815BA6007C3E2F = {
						CreatedOnToolsVersion = 7.3;
						TestTargetID = D1B2347D1C815BA5007C3E2F;
					};
				};
			};
			buildConfigurationList = D1B234791C815BA5007C3E2F /* Build configuration list for PBXProject "Primera Aplicacion Mimi 1" */;
			compatibilityVersion = "Xcode 3.2";
			developmentRegion = English;
			hasScannedForEncodings = 0;
			knownRegions = (
				en,
				Base,
			);
			mainGroup = D1B234751C815BA5007C3E2F;
			productRefGroup = D1B2347F1C815BA5007C3E2F /* Products */;
			projectDirPath = "";
			projectRoot = "";
			targets = (
				D1B2347D1C815BA5007C3E2F /* Primera Aplicacion Mimi 1 */,
				D1B234911C815BA6007C3E2F /* Primera Aplicacion Mimi 1Tests */,
				D1B2349C1C815BA6007C3E2F /* Primera Aplicacion Mimi 1UITests */,
			);
		};
/* End PBXProject section */

/* Begin PBXResourcesBuildPhase section */
		D1B2347C1C815BA5007C3E2F /* Resources */ = {
			isa = PBXResourcesBuildPhase;
			buildActionMask = 2147483647;
			files = (
				D1B2348C1C815BA5007C3E2F /* LaunchScreen.storyboard in Resources */,
				D1B234891C815BA5007C3E2F /* Assets.xcassets in Resources */,
				D1B234871C815BA5007C3E2F /* Main.storyboard in Resources */,
			);
			runOnlyForDeploymentPostprocessing = 0;
		};
		D1B234901C815BA6007C3E2F /* Resources */ = {
			isa = PBXResourcesBuildPhase;
			buildActionMask = 2147483647;
			files = (
			);
			runOnlyForDeploymentPostprocessing = 0;
		};
		D1B2349B1C815BA6007C3E2F /* Resources */ = {
			isa = PBXResourcesBuildPhase;
			buildActionMask = 2147483647;
			files = (
			);
			runOnlyForDeploymentPostprocessing = 0;
		};
/* End PBXResourcesBuildPhase section */

/* Begin PBXSourcesBuildPhase section */
		D1B2347A1C815BA5007C3E2F /* Sources */ = {
			isa = PBXSourcesBuildPhase;
			buildActionMask = 2147483647;
			files = (
				D1B234841C815BA5007C3E2F /* ViewController.swift in Sources */,
				D1B234821C815BA5007C3E2F /* AppDelegate.swift in Sources */,
			);
			runOnlyForDeploymentPostprocessing = 0;
		};
		D1B2348E1C815BA6007C3E2F /* Sources */ = {
			isa = PBXSourcesBuildPhase;
			buildActionMask = 2147483647;
			files = (
				D1B234971C815BA6007C3E2F /* Primera_Aplicacion_Mimi_1Tests.swift in Sources */,
			);
			runOnlyForDeploymentPostprocessing = 0;
		};
		D1B234991C815BA6007C3E2F /* Sources */ = {
			isa = PBXSourcesBuildPhase;
			buildActionMask = 2147483647;
			files = (
				D1B234A21C815BA6007C3E2F /* Primera_Aplicacion_Mimi_1UITests.swift in Sources */,
			);
			runOnlyForDeploymentPostprocessing = 0;
		};
/* End PBXSourcesBuildPhase section */

/* Begin PBXTargetDependency section */
		D1B234941C815BA6007C3E2F /* PBXTargetDependency */ = {
			isa = PBXTargetDependency;
			target = D1B2347D1C815BA5007C3E2F /* Primera Aplicacion Mimi 1 */;
			targetProxy = D1B234931C815BA6007C3E2F /* PBXContainerItemProxy */;
		};
		D1B2349F1C815BA6007C3E2F /* PBXTargetDependency */ = {
			isa = PBXTargetDependency;
			target = D1B2347D1C815BA5007C3E2F /* Primera Aplicacion Mimi 1 */;
			targetProxy = D1B2349E1C815BA6007C3E2F /* PBXContainerItemProxy */;
		};
/* End PBXTargetDependency section */

/* Begin PBXVariantGroup section */
		D1B234851C815BA5007C3E2F /* Main.storyboard */ = {
			isa = PBXVariantGroup;
			children = (
				D1B234861C815BA5007C3E2F /* Base */,
			);
			name = Main.storyboard;
			sourceTree = "<group>";
		};
		D1B2348A1C815BA5007C3E2F /* LaunchScreen.storyboard */ = {
			isa = PBXVariantGroup;
			children = (
				D1B2348B1C815BA5007C3E2F /* Base */,
			);
			name = LaunchScreen.storyboard;
			sourceTree = "<group>";
		};
/* End PBXVariantGroup section */

/* Begin XCBuildConfiguration section */
		D1B234A41C815BA6007C3E2F /* Debug */ = {
			isa = XCBuildConfiguration;
			buildSettings = {
				ALWAYS_SEARCH_USER_PATHS = NO;
				CLANG_ANALYZER_NONNULL = YES;
				CLANG_CXX_LANGUAGE_STANDARD = "gnu++0x";
				CLANG_CXX_LIBRARY = "libc++";
				CLANG_ENABLE_MODULES = YES;
				CLANG_ENABLE_OBJC_ARC = YES;
				CLANG_WARN_BOOL_CONVERSION = YES;
				CLANG_WARN_CONSTANT_CONVERSION = YES;
				CLANG_WARN_DIRECT_OBJC_ISA_USAGE = YES_ERROR;
				CLANG_WARN_EMPTY_BODY = YES;
				CLANG_WARN_ENUM_CONVERSION = YES;
				CLANG_WARN_INT_CONVERSION = YES;
				CLANG_WARN_OBJC_ROOT_CLASS = YES_ERROR;
				CLANG_WARN_UNREACHABLE_CODE = YES;
				CLANG_WARN__DUPLICATE_METHOD_MATCH = YES;
				"CODE_SIGN_IDENTITY[sdk=iphoneos*]" = "iPhone Developer";
				COPY_PHASE_STRIP = NO;
				DEBUG_INFORMATION_FORMAT = dwarf;
				ENABLE_STRICT_OBJC_MSGSEND = YES;
				ENABLE_TESTABILITY = YES;
				GCC_C_LANGUAGE_STANDARD = gnu99;
				GCC_DYNAMIC_NO_PIC = NO;
				GCC_NO_COMMON_BLOCKS = YES;
				GCC_OPTIMIZATION_LEVEL = 0;
				GCC_PREPROCESSOR_DEFINITIONS = (
					"DEBUG=1",
					"$(inherited)",
				);
				GCC_WARN_64_TO_32_BIT_CONVERSION = YES;
				GCC_WARN_ABOUT_RETURN_TYPE = YES_ERROR;
				GCC_WARN_UNDECLARED_SELECTOR = YES;
				GCC_WARN_UNINITIALIZED_AUTOS = YES_AGGRESSIVE;
				GCC_WARN_UNUSED_FUNCTION = YES;
				GCC_WARN_UNUSED_VARIABLE = YES;
				IPHONEOS_DEPLOYMENT_TARGET = 9.3;
				MTL_ENABLE_DEBUG_INFO = YES;
				ONLY_ACTIVE_ARCH = YES;
				SDKROOT = iphoneos;
				SWIFT_OPTIMIZATION_LEVEL = "-Onone";
			};
			name = Debug;
		};
		D1B234A51C815BA6007C3E2F /* Release */ = {
			isa = XCBuildConfiguration;
			buildSettings = {
				ALWAYS_SEARCH_USER_PATHS = NO;
				CLANG_ANALYZER_NONNULL = YES;
				CLANG_CXX_LANGUAGE_STANDARD = "gnu++0x";
				CLANG_CXX_LIBRARY = "libc++";
				CLANG_ENABLE_MODULES = YES;
				CLANG_ENABLE_OBJC_ARC = YES;
				CLANG_WARN_BOOL_CONVERSION = YES;
				CLANG_WARN_CONSTANT_CONVERSION = YES;
				CLANG_WARN_DIRECT_OBJC_ISA_USAGE = YES_ERROR;
				CLANG_WARN_EMPTY_BODY = YES;
				CLANG_WARN_ENUM_CONVERSION = YES;
				CLANG_WARN_INT_CONVERSION = YES;
				CLANG_WARN_OBJC_ROOT_CLASS = YES_ERROR;
				CLANG_WARN_UNREACHABLE_CODE = YES;
				CLANG_WARN__DUPLICATE_METHOD_MATCH = YES;
				"CODE_SIGN_IDENTITY[sdk=iphoneos*]" = "iPhone Developer";
				COPY_PHASE_STRIP = NO;
				DEBUG_INFORMATION_FORMAT = "dwarf-with-dsym";
				ENABLE_NS_ASSERTIONS = NO;
				ENABLE_STRICT_OBJC_MSGSEND = YES;
				GCC_C_LANGUAGE_STANDARD = gnu99;
				GCC_NO_COMMON_BLOCKS = YES;
				GCC_WARN_64_TO_32_BIT_CONVERSION = YES;
				GCC_WARN_ABOUT_RETURN_TYPE = YES_ERROR;
				GCC_WARN_UNDECLARED_SELECTOR = YES;
				GCC_WARN_UNINITIALIZED_AUTOS = YES_AGGRESSIVE;
				GCC_WARN_UNUSED_FUNCTION = YES;
				GCC_WARN_UNUSED_VARIABLE = YES;
				IPHONEOS_DEPLOYMENT_TARGET = 9.3;
				MTL_ENABLE_DEBUG_INFO = NO;
				SDKROOT = iphoneos;
				VALIDATE_PRODUCT = YES;
			};
			name = Release;
		};
		D1B234A71C815BA6007C3E2F /* Debug */ = {
			isa = XCBuildConfiguration;
			buildSettings = {
				ASSETCATALOG_COMPILER_APPICON_NAME = AppIcon;
				INFOPLIST_FILE = "Primera Aplicacion Mimi 1/Info.plist";
				LD_RUNPATH_SEARCH_PATHS = "$(inherited) @executable_path/Frameworks";
				PRODUCT_BUNDLE_IDENTIFIER = "Mimi-Gtz.Primera-Aplicacion-Mimi-1";
				PRODUCT_NAME = "$(TARGET_NAME)";
			};
			name = Debug;
		};
		D1B234A81C815BA6007C3E2F /* Release */ = {
			isa = XCBuildConfiguration;
			buildSettings = {
				ASSETCATALOG_COMPILER_APPICON_NAME = AppIcon;
				INFOPLIST_FILE = "Primera Aplicacion Mimi 1/Info.plist";
				LD_RUNPATH_SEARCH_PATHS = "$(inherited) @executable_path/Frameworks";
				PRODUCT_BUNDLE_IDENTIFIER = "Mimi-Gtz.Primera-Aplicacion-Mimi-1";
				PRODUCT_NAME = "$(TARGET_NAME)";
			};
			name = Release;
		};
		D1B234AA1C815BA6007C3E2F /* Debug */ = {
			isa = XCBuildConfiguration;
			buildSettings = {
				BUNDLE_LOADER = "$(TEST_HOST)";
				INFOPLIST_FILE = "Primera Aplicacion Mimi 1Tests/Info.plist";
				LD_RUNPATH_SEARCH_PATHS = "$(inherited) @executable_path/Frameworks @loader_path/Frameworks";
				PRODUCT_BUNDLE_IDENTIFIER = "Mimi-Gtz.Primera-Aplicacion-Mimi-1Tests";
				PRODUCT_NAME = "$(TARGET_NAME)";
				TEST_HOST = "$(BUILT_PRODUCTS_DIR)/Primera Aplicacion Mimi 1.app/Primera Aplicacion Mimi 1";
			};
			name = Debug;
		};
		D1B234AB1C815BA6007C3E2F /* Release */ = {
			isa = XCBuildConfiguration;
			buildSettings = {
				BUNDLE_LOADER = "$(TEST_HOST)";
				INFOPLIST_FILE = "Primera Aplicacion Mimi 1Tests/Info.plist";
				LD_RUNPATH_SEARCH_PATHS = "$(inherited) @executable_path/Frameworks @loader_path/Frameworks";
				PRODUCT_BUNDLE_IDENTIFIER = "Mimi-Gtz.Primera-Aplicacion-Mimi-1Tests";
				PRODUCT_NAME = "$(TARGET_NAME)";
				TEST_HOST = "$(BUILT_PRODUCTS_DIR)/Primera Aplicacion Mimi 1.app/Primera Aplicacion Mimi 1";
			};
			name = Release;
		};
		D1B234AD1C815BA6007C3E2F /* Debug */ = {
			isa = XCBuildConfiguration;
			buildSettings = {
				INFOPLIST_FILE = "Primera Aplicacion Mimi 1UITests/Info.plist";
				LD_RUNPATH_SEARCH_PATHS = "$(inherited) @executable_path/Frameworks @loader_path/Frameworks";
				PRODUCT_BUNDLE_IDENTIFIER = "Mimi-Gtz.Primera-Aplicacion-Mimi-1UITests";
				PRODUCT_NAME = "$(TARGET_NAME)";
				TEST_TARGET_NAME = "Primera Aplicacion Mimi 1";
			};
			name = Debug;
		};
		D1B234AE1C815BA6007C3E2F /* Release */ = {
			isa = XCBuildConfiguration;
			buildSettings = {
				INFOPLIST_FILE = "Primera Aplicacion Mimi 1UITests/Info.plist";
				LD_RUNPATH_SEARCH_PATHS = "$(inherited) @executable_path/Frameworks @loader_path/Frameworks";
				PRODUCT_BUNDLE_IDENTIFIER = "Mimi-Gtz.Primera-Aplicacion-Mimi-1UITests";
				PRODUCT_NAME = "$(TARGET_NAME)";
				TEST_TARGET_NAME = "Primera Aplicacion Mimi 1";
			};
			name = Release;
		};
/* End XCBuildConfiguration section */

/* Begin XCConfigurationList section */
		D1B234791C815BA5007C3E2F /* Build configuration list for PBXProject "Primera Aplicacion Mimi 1" */ = {
			isa = XCConfigurationList;
			buildConfigurations = (
				D1B234A41C815BA6007C3E2F /* Debug */,
				D1B234A51C815BA6007C3E2F /* Release */,
			);
			defaultConfigurationIsVisible = 0;
			defaultConfigurationName = Release;
		};
		D1B234A61C815BA6007C3E2F /* Build configuration list for PBXNativeTarget "Primera Aplicacion Mimi 1" */ = {
			isa = XCConfigurationList;
			buildConfigurations = (
				D1B234A71C815BA6007C3E2F /* Debug */,
				D1B234A81C815BA6007C3E2F /* Release */,
			);
			defaultConfigurationIsVisible = 0;
		};
		D1B234A91C815BA6007C3E2F /* Build configuration list for PBXNativeTarget "Primera Aplicacion Mimi 1Tests" */ = {
			isa = XCConfigurationList;
			buildConfigurations = (
				D1B234AA1C815BA6007C3E2F /* Debug */,
				D1B234AB1C815BA6007C3E2F /* Release */,
			);
			defaultConfigurationIsVisible = 0;
		};
		D1B234AC1C815BA6007C3E2F /* Build configuration list for PBXNativeTarget "Primera Aplicacion Mimi 1UITests" */ = {
			isa = XCConfigurationList;
			buildConfigurations = (
				D1B234AD1C815BA6007C3E2F /* Debug */,
				D1B234AE1C815BA6007C3E2F /* Release */,
			);
			defaultConfigurationIsVisible = 0;
		};
/* End XCConfigurationList section */
	};
	rootObject = D1B234761C815BA5007C3E2F /* Project object */;
}
